
Microsoft Visual Studio Solution File, Format Version 12.00
# Visual Studio 15
VisualStudioVersion = 15.0.26430.14
MinimumVisualStudioVersion = 10.0.40219.1
Project("{FAE04EC0-301F-11D3-BF4B-00C04F79EFBC}") = "LogMessageClassifier.Tests", "LogMessageClassifier.Tests\LogMessageClassifier.Tests.csproj", "{6C2E378F-0EBB-4406-9CB3-DA9B96743D94}"
EndProject
Project("{FAE04EC0-301F-11D3-BF4B-00C04F79EFBC}") = "LogMessageClassifier", "LogMessageClassifier\LogMessageClassifier.csproj", "{A6F717EA-7600-442E-9B1C-E29C483AF082}"
EndProject
Project("{FAE04EC0-301F-11D3-BF4B-00C04F79EFBC}") = "DatabaseTool", "DatabaseTool\DatabaseTool.csproj", "{F2C1ED39-FC3D-4138-B385-B3159A4570F8}"
EndProject
Global
	GlobalSection(SolutionConfigurationPlatforms) = preSolution
		Debug|Any CPU = Debug|Any CPU
		Release|Any CPU = Release|Any CPU
	EndGlobalSection
	GlobalSection(ProjectConfigurationPlatforms) = postSolution
		{6C2E378F-0EBB-4406-9CB3-DA9B96743D94}.Debug|Any CPU.ActiveCfg = Debug|Any CPU
		{6C2E378F-0EBB-4406-9CB3-DA9B96743D94}.Debug|Any CPU.Build.0 = Debug|Any CPU
		{6C2E378F-0EBB-4406-9CB3-DA9B96743D94}.Release|Any CPU.ActiveCfg = Release|Any CPU
		{6C2E378F-0EBB-4406-9CB3-DA9B96743D94}.Release|Any CPU.Build.0 = Release|Any CPU
		{A6F717EA-7600-442E-9B1C-E29C483AF082}.Debug|Any CPU.ActiveCfg = Debug|Any CPU
		{A6F717EA-7600-442E-9B1C-E29C483AF082}.Debug|Any CPU.Build.0 = Debug|Any CPU
		{A6F717EA-7600-442E-9B1C-E29C483AF082}.Release|Any CPU.ActiveCfg = Release|Any CPU
		{A6F717EA-7600-442E-9B1C-E29C483AF082}.Release|Any CPU.Build.0 = Release|Any CPU
		{F2C1ED39-FC3D-4138-B385-B3159A4570F8}.Debug|Any CPU.ActiveCfg = Debug|Any CPU
		{F2C1ED39-FC3D-4138-B385-B3159A4570F8}.Debug|Any CPU.Build.0 = Debug|Any CPU
		{F2C1ED39-FC3D-4138-B385-B3159A4570F8}.Release|Any CPU.ActiveCfg = Release|Any CPU
		{F2C1ED39-FC3D-4138-B385-B3159A4570F8}.Release|Any CPU.Build.0 = Release|Any CPU
	EndGlobalSection
	GlobalSection(SolutionProperties) = preSolution
		HideSolutionNode = FALSE
	EndGlobalSection
EndGlobal
